// !$*UTF8*$!
{
	archiveVersion = 1;
	classes = {
	};
	objectVersion = 50;
	objects = {

/* Begin PBXBuildFile section */
		5F09253F21A2B72B000E551A /* AppDelegate.m in Sources */ = {isa = PBXBuildFile; fileRef = 5F09253E21A2B72B000E551A /* AppDelegate.m */; };
		5F09254221A2B72B000E551A /* ViewController.m in Sources */ = {isa = PBXBuildFile; fileRef = 5F09254121A2B72B000E551A /* ViewController.m */; };
		5F09254521A2B72B000E551A /* Main.storyboard in Resources */ = {isa = PBXBuildFile; fileRef = 5F09254321A2B72B000E551A /* Main.storyboard */; };
		5F09254721A2B72D000E551A /* Assets.xcassets in Resources */ = {isa = PBXBuildFile; fileRef = 5F09254621A2B72D000E551A /* Assets.xcassets */; };
		5F09254A21A2B72D000E551A /* LaunchScreen.storyboard in Resources */ = {isa = PBXBuildFile; fileRef = 5F09254821A2B72D000E551A /* LaunchScreen.storyboard */; };
		5F09254D21A2B72D000E551A /* main.m in Sources */ = {isa = PBXBuildFile; fileRef = 5F09254C21A2B72D000E551A /* main.m */; };
		5F09255921A3A3DE000E551A /* CornerManager.m in Sources */ = {isa = PBXBuildFile; fileRef = 5F09255821A3A3DE000E551A /* CornerManager.m */; };
		D31CF39B0F4F54ABFEA81DB4 /* libPods-CornerRadiusDemo.a in Frameworks */ = {isa = PBXBuildFile; fileRef = 5983C26DF07C70097648B7E5 /* libPods-CornerRadiusDemo.a */; };
/* End PBXBuildFile section */

/* Begin PBXFileReference section */
		098ED48512947C3007140121 /* Pods-CornerRadiusDemo.release.xcconfig */ = {isa = PBXFileReference; includeInIndex = 1; lastKnownFileType = text.xcconfig; name = "Pods-CornerRadiusDemo.release.xcconfig"; path = "Pods/Target Support Files/Pods-CornerRadiusDemo/Pods-CornerRadiusDemo.release.xcconfig"; sourceTree = "<group>"; };
		5983C26DF07C70097648B7E5 /* libPods-CornerRadiusDemo.a */ = {isa = PBXFileReference; explicitFileType = archive.ar; includeInIndex = 0; path = "libPods-CornerRadiusDemo.a"; sourceTree = BUILT_PRODUCTS_DIR; };
		5F09253A21A2B72B000E551A /* CornerRadiusDemo.app */ = {isa = PBXFileReference; explicitFileType = wrapper.application; includeInIndex = 0; path = CornerRadiusDemo.app; sourceTree = BUILT_PRODUCTS_DIR; };
		5F09253D21A2B72B000E551A /* AppDelegate.h */ = {isa = PBXFileReference; lastKnownFileType = sourcecode.c.h; path = AppDelegate.h; sourceTree = "<group>"; };
		5F09253E21A2B72B000E551A /* AppDelegate.m */ = {isa = PBXFileReference; lastKnownFileType = sourcecode.c.objc; path = AppDelegate.m; sourceTree = "<group>"; };
		5F09254021A2B72B000E551A /* ViewController.h */ = {isa = PBXFileReference; lastKnownFileType = sourcecode.c.h; path = ViewController.h; sourceTree = "<group>"; };
		5F09254121A2B72B000E551A /* ViewController.m */ = {isa = PBXFileReference; lastKnownFileType = sourcecode.c.objc; path = ViewController.m; sourceTree = "<group>"; };
		5F09254421A2B72B000E551A /* Base */ = {isa = PBXFileReference; lastKnownFileType = file.storyboard; name = Base; path = Base.lproj/Main.storyboard; sourceTree = "<group>"; };
		5F09254621A2B72D000E551A /* Assets.xcassets */ = {isa = PBXFileReference; lastKnownFileType = folder.assetcatalog; path = Assets.xcassets; sourceTree = "<group>"; };
		5F09254921A2B72D000E551A /* Base */ = {isa = PBXFileReference; lastKnownFileType = file.storyboard; name = Base; path = Base.lproj/LaunchScreen.storyboard; sourceTree = "<group>"; };
		5F09254B21A2B72D000E551A /* Info.plist */ = {isa = PBXFileReference; lastKnownFileType = text.plist.xml; path = Info.plist; sourceTree = "<group>"; };
		5F09254C21A2B72D000E551A /* main.m */ = {isa = PBXFileReference; lastKnownFileType = sourcecode.c.objc; path = main.m; sourceTree = "<group>"; };
		5F09255721A3A3DE000E551A /* CornerManager.h */ = {isa = PBXFileReference; lastKnownFileType = sourcecode.c.h; path = CornerManager.h; sourceTree = "<group>"; };
		5F09255821A3A3DE000E551A /* CornerManager.m */ = {isa = PBXFileReference; lastKnownFileType = sourcecode.c.objc; path = CornerManager.m; sourceTree = "<group>"; };
		85319CA7B72A10610C995A2B /* Pods-CornerRadiusDemo.debug.xcconfig */ = {isa = PBXFileReference; includeInIndex = 1; lastKnownFileType = text.xcconfig; name = "Pods-CornerRadiusDemo.debug.xcconfig"; path = "Pods/Target Support Files/Pods-CornerRadiusDemo/Pods-CornerRadiusDemo.debug.xcconfig"; sourceTree = "<group>"; };
/* End PBXFileReference section */

/* Begin PBXFrameworksBuildPhase section */
		5F09253721A2B72B000E551A /* Frameworks */ = {
			isa = PBXFrameworksBuildPhase;
			buildActionMask = 2147483647;
			files = (
				D31CF39B0F4F54ABFEA81DB4 /* libPods-CornerRadiusDemo.a in Frameworks */,
			);
			runOnlyForDeploymentPostprocessing = 0;
		};
/* End PBXFrameworksBuildPhase section */

/* Begin PBXGroup section */
		27A70A079D4862ADD435B19E /* Pods */ = {
			isa = PBXGroup;
			children = (
				85319CA7B72A10610C995A2B /* Pods-CornerRadiusDemo.debug.xcconfig */,
				098ED48512947C3007140121 /* Pods-CornerRadiusDemo.release.xcconfig */,
			);
			name = Pods;
			sourceTree = "<group>";
		};
		5F09253121A2B72B000E551A = {
			isa = PBXGroup;
			children = (
				5F09253C21A2B72B000E551A /* CornerRadiusDemo */,
				5F09253B21A2B72B000E551A /* Products */,
				27A70A079D4862ADD435B19E /* Pods */,
				DA67B61714A84DF1D436829B /* Frameworks */,
			);
			sourceTree = "<group>";
		};
		5F09253B21A2B72B000E551A /* Products */ = {
			isa = PBXGroup;
			children = (
				5F09253A21A2B72B000E551A /* CornerRadiusDemo.app */,
			);
			name = Products;
			sourceTree = "<group>";
		};
		5F09253C21A2B72B000E551A /* CornerRadiusDemo */ = {
			isa = PBXGroup;
			children = (
				5F09255321A2B7C1000E551A /* CornerManager */,
				5F09253D21A2B72B000E551A /* AppDelegate.h */,
				5F09253E21A2B72B000E551A /* AppDelegate.m */,
				5F09254021A2B72B000E551A /* ViewController.h */,
				5F09254121A2B72B000E551A /* ViewController.m */,
				5F09254321A2B72B000E551A /* Main.storyboard */,
				5F09254621A2B72D000E551A /* Assets.xcassets */,
				5F09254821A2B72D000E551A /* LaunchScreen.storyboard */,
				5F09254B21A2B72D000E551A /* Info.plist */,
				5F09254C21A2B72D000E551A /* main.m */,
			);
			path = CornerRadiusDemo;
			sourceTree = "<group>";
		};
		5F09255321A2B7C1000E551A /* CornerManager */ = {
			isa = PBXGroup;
			children = (
				5F09255721A3A3DE000E551A /* CornerManager.h */,
				5F09255821A3A3DE000E551A /* CornerManager.m */,
			);
			path = CornerManager;
			sourceTree = "<group>";
		};
		DA67B61714A84DF1D436829B /* Frameworks */ = {
			isa = PBXGroup;
			children = (
				5983C26DF07C70097648B7E5 /* libPods-CornerRadiusDemo.a */,
			);
			name = Frameworks;
			sourceTree = "<group>";
		};
/* End PBXGroup section */

/* Begin PBXNativeTarget section */
		5F09253921A2B72B000E551A /* CornerRadiusDemo */ = {
			isa = PBXNativeTarget;
			buildConfigurationList = 5F09255021A2B72D000E551A /* Build configuration list for PBXNativeTarget "CornerRadiusDemo" */;
			buildPhases = (
				FCA8FEB3B547D4DB38E5C9C2 /* [CP] Check Pods Manifest.lock */,
				5F09253621A2B72B000E551A /* Sources */,
				5F09253721A2B72B000E551A /* Frameworks */,
				5F09253821A2B72B000E551A /* Resources */,
			);
			buildRules = (
			);
			dependencies = (
			);
			name = CornerRadiusDemo;
			productName = CornerRadiusDemo;
			productReference = 5F09253A21A2B72B000E551A /* CornerRadiusDemo.app */;
			productType = "com.apple.product-type.application";
		};
/* End PBXNativeTarget section */

/* Begin PBXProject section */
		5F09253221A2B72B000E551A /* Project object */ = {
			isa = PBXProject;
			attributes = {
				LastUpgradeCheck = 0940;
				ORGANIZATIONNAME = lsd;
				TargetAttributes = {
					5F09253921A2B72B000E551A = {
						CreatedOnToolsVersion = 9.4.1;
					};
				};
			};
			buildConfigurationList = 5F09253521A2B72B000E551A /* Build configuration list for PBXProject "CornerRadiusDemo" */;
			compatibilityVersion = "Xcode 9.3";
			developmentRegion = en;
			hasScannedForEncodings = 0;
			knownRegions = (
				en,
				Base,
			);
			mainGroup = 5F09253121A2B72B000E551A;
			productRefGroup = 5F09253B21A2B72B000E551A /* Products */;
			projectDirPath = "";
			projectRoot = "";
			targets = (
				5F09253921A2B72B000E551A /* CornerRadiusDemo */,
			);
		};
/* End PBXProject section */

/* Begin PBXResourcesBuildPhase section */
		5F09253821A2B72B000E551A /* Resources */ = {
			isa = PBXResourcesBuildPhase;
			buildActionMask = 2147483647;
			files = (
				5F09254A21A2B72D000E551A /* LaunchScreen.storyboard in Resources */,
				5F09254721A2B72D000E551A /* Assets.xcassets in Resources */,
				5F09254521A2B72B000E551A /* Main.storyboard in Resources */,
			);
			runOnlyForDeploymentPostprocessing = 0;
		};
/* End PBXResourcesBuildPhase section */

/* Begin PBXShellScriptBuildPhase section */
		FCA8FEB3B547D4DB38E5C9C2 /* [CP] Check Pods Manifest.lock */ = {
			isa = PBXShellScriptBuildPhase;
			buildActionMask = 2147483647;
			files = (
			);
			inputPaths = (
				"${PODS_PODFILE_DIR_PATH}/Podfile.lock",
				"${PODS_ROOT}/Manifest.lock",
			);
			name = "[CP] Check Pods Manifest.lock";
			outputPaths = (
				"$(DERIVED_FILE_DIR)/Pods-CornerRadiusDemo-checkManifestLockResult.txt",
			);
			runOnlyForDeploymentPostprocessing = 0;
			shellPath = /bin/sh;
			shellScript = "diff \"${PODS_PODFILE_DIR_PATH}/Podfile.lock\" \"${PODS_ROOT}/Manifest.lock\" > /dev/null\nif [ $? != 0 ] ; then\n    # print error to STDERR\n    echo \"error: The sandbox is not in sync with the Podfile.lock. Run 'pod install' or update your CocoaPods installation.\" >&2\n    exit 1\nfi\n# This output is used by Xcode 'outputs' to avoid re-running this script phase.\necho \"SUCCESS\" > \"${SCRIPT_OUTPUT_FILE_0}\"\n";
			showEnvVarsInLog = 0;
		};
/* End PBXShellScriptBuildPhase section */

/* Begin PBXSourcesBuildPhase section */
		5F09253621A2B72B000E551A /* Sources */ = {
			isa = PBXSourcesBuildPhase;
			buildActionMask = 2147483647;
			files = (
				5F09255921A3A3DE000E551A /* CornerManager.m in Sources */,
				5F09254221A2B72B000E551A /* ViewController.m in Sources */,
				5F09254D21A2B72D000E551A /* main.m in Sources */,
				5F09253F21A2B72B000E551A /* AppDelegate.m in Sources */,
			);
			runOnlyForDeploymentPostprocessing = 0;
		};
/* End PBXSourcesBuildPhase section */

/* Begin PBXVariantGroup section */
		5F09254321A2B72B000E551A /* Main.storyboard */ = {
			isa = PBXVariantGroup;
			children = (
				5F09254421A2B72B000E551A /* Base */,
			);
			name = Main.storyboard;
			sourceTree = "<group>";
		};
		5F09254821A2B72D000E551A /* LaunchScreen.storyboard */ = {
			isa = PBXVariantGroup;
			children = (
				5F09254921A2B72D000E551A /* Base */,
			);
			name = LaunchScreen.storyboard;
			sourceTree = "<group>";
		};
/* End PBXVariantGroup section */

/* Begin XCBuildConfiguration section */
		5F09254E21A2B72D000E551A /* Debug */ = {
			isa = XCBuildConfiguration;
			buildSettings = {
				ALWAYS_SEARCH_USER_PATHS = NO;
				CLANG_ANALYZER_NONNULL = YES;
				CLANG_ANALYZER_NUMBER_OBJECT_CONVERSION = YES_AGGRESSIVE;
				CLANG_CXX_LANGUAGE_STANDARD = "gnu++14";
				CLANG_CXX_LIBRARY = "libc++";
				CLANG_ENABLE_MODULES = YES;
				CLANG_ENABLE_OBJC_ARC = YES;
				CLANG_ENABLE_OBJC_WEAK = YES;
				CLANG_WARN_BLOCK_CAPTURE_AUTORELEASING = YES;
				CLANG_WARN_BOOL_CONVERSION = YES;
				CLANG_WARN_COMMA = YES;
				CLANG_WARN_CONSTANT_CONVERSION = YES;
				CLANG_WARN_DEPRECATED_OBJC_IMPLEMENTATIONS = YES;
				CLANG_WARN_DIRECT_OBJC_ISA_USAGE = YES_ERROR;
				CLANG_WARN_DOCUMENTATION_COMMENTS = YES;
				CLANG_WARN_EMPTY_BODY = YES;
				CLANG_WARN_ENUM_CONVERSION = YES;
				CLANG_WARN_INFINITE_RECURSION = YES;
				CLANG_WARN_INT_CONVERSION = YES;
				CLANG_WARN_NON_LITERAL_NULL_CONVERSION = YES;
				CLANG_WARN_OBJC_IMPLICIT_RETAIN_SELF = YES;
				CLANG_WARN_OBJC_LITERAL_CONVERSION = YES;
				CLANG_WARN_OBJC_ROOT_CLASS = YES_ERROR;
				CLANG_WARN_RANGE_LOOP_ANALYSIS = YES;
				CLANG_WARN_STRICT_PROTOTYPES = YES;
				CLANG_WARN_SUSPICIOUS_MOVE = YES;
				CLANG_WARN_UNGUARDED_AVAILABILITY = YES_AGGRESSIVE;
				CLANG_WARN_UNREACHABLE_CODE = YES;
				CLANG_WARN__DUPLICATE_METHOD_MATCH = YES;
				CODE_SIGN_IDENTITY = "iPhone Developer";
				COPY_PHASE_STRIP = NO;
				DEBUG_INFORMATION_FORMAT = dwarf;
				ENABLE_STRICT_OBJC_MSGSEND = YES;
				ENABLE_TESTABILITY = YES;
				GCC_C_LANGUAGE_STANDARD = gnu11;
				GCC_DYNAMIC_NO_PIC = NO;
				GCC_NO_COMMON_BLOCKS = YES;
				GCC_OPTIMIZATION_LEVEL = 0;
				GCC_PREPROCESSOR_DEFINITIONS = (
					"DEBUG=1",
					"$(inherited)",
				);
				GCC_WARN_64_TO_32_BIT_CONVERSION = YES;
				GCC_WARN_ABOUT_RETURN_TYPE = YES_ERROR;
				GCC_WARN_UNDECLARED_SELECTOR = YES;
				GCC_WARN_UNINITIALIZED_AUTOS = YES_AGGRESSIVE;
				GCC_WARN_UNUSED_FUNCTION = YES;
				GCC_WARN_UNUSED_VARIABLE = YES;
				IPHONEOS_DEPLOYMENT_TARGET = 10.0;
				MTL_ENABLE_DEBUG_INFO = YES;
				ONLY_ACTIVE_ARCH = YES;
				SDKROOT = iphoneos;
			};
			name = Debug;
		};
		5F09254F21A2B72D000E551A /* Release */ = {
			isa = XCBuildConfiguration;
			buildSettings = {
				ALWAYS_SEARCH_USER_PATHS = NO;
				CLANG_ANALYZER_NONNULL = YES;
				CLANG_ANALYZER_NUMBER_OBJECT_CONVERSION = YES_AGGRESSIVE;
				CLANG_CXX_LANGUAGE_STANDARD = "gnu++14";
				CLANG_CXX_LIBRARY = "libc++";
				CLANG_ENABLE_MODULES = YES;
				CLANG_ENABLE_OBJC_ARC = YES;
				CLANG_ENABLE_OBJC_WEAK = YES;
				CLANG_WARN_BLOCK_CAPTURE_AUTORELEASING = YES;
				CLANG_WARN_BOOL_CONVERSION = YES;
				CLANG_WARN_COMMA = YES;
				CLANG_WARN_CONSTANT_CONVERSION = YES;
				CLANG_WARN_DEPRECATED_OBJC_IMPLEMENTATIONS = YES;
				CLANG_WARN_DIRECT_OBJC_ISA_USAGE = YES_ERROR;
				CLANG_WARN_DOCUMENTATION_COMMENTS = YES;
				CLANG_WARN_EMPTY_BODY = YES;
				CLANG_WARN_ENUM_CONVERSION = YES;
				CLANG_WARN_INFINITE_RECURSION = YES;
				CLANG_WARN_INT_CONVERSION = YES;
				CLANG_WARN_NON_LITERAL_NULL_CONVERSION = YES;
				CLANG_WARN_OBJC_IMPLICIT_RETAIN_SELF = YES;
				CLANG_WARN_OBJC_LITERAL_CONVERSION = YES;
				CLANG_WARN_OBJC_ROOT_CLASS = YES_ERROR;
				CLANG_WARN_RANGE_LOOP_ANALYSIS = YES;
				CLANG_WARN_STRICT_PROTOTYPES = YES;
				CLANG_WARN_SUSPICIOUS_MOVE = YES;
				CLANG_WARN_UNGUARDED_AVAILABILITY = YES_AGGRESSIVE;
				CLANG_WARN_UNREACHABLE_CODE = YES;
				CLANG_WARN__DUPLICATE_METHOD_MATCH = YES;
				CODE_SIGN_IDENTITY = "iPhone Developer";
				COPY_PHASE_STRIP = NO;
				DEBUG_INFORMATION_FORMAT = "dwarf-with-dsym";
				ENABLE_NS_ASSERTIONS = NO;
				ENABLE_STRICT_OBJC_MSGSEND = YES;
				GCC_C_LANGUAGE_STANDARD = gnu11;
				GCC_NO_COMMON_BLOCKS = YES;
				GCC_WARN_64_TO_32_BIT_CONVERSION = YES;
				GCC_WARN_ABOUT_RETURN_TYPE = YES_ERROR;
				GCC_WARN_UNDECLARED_SELECTOR = YES;
				GCC_WARN_UNINITIALIZED_AUTOS = YES_AGGRESSIVE;
				GCC_WARN_UNUSED_FUNCTION = YES;
				GCC_WARN_UNUSED_VARIABLE = YES;
				IPHONEOS_DEPLOYMENT_TARGET = 10.0;
				MTL_ENABLE_DEBUG_INFO = NO;
				SDKROOT = iphoneos;
				VALIDATE_PRODUCT = YES;
			};
			name = Release;
		};
		5F09255121A2B72D000E551A /* Debug */ = {
			isa = XCBuildConfiguration;
			baseConfigurationReference = 85319CA7B72A10610C995A2B /* Pods-CornerRadiusDemo.debug.xcconfig */;
			buildSettings = {
				ASSETCATALOG_COMPILER_APPICON_NAME = AppIcon;
				CODE_SIGN_STYLE = Automatic;
				INFOPLIST_FILE = CornerRadiusDemo/Info.plist;
				IPHONEOS_DEPLOYMENT_TARGET = 10.0;
				LD_RUNPATH_SEARCH_PATHS = "$(inherited) @executable_path/Frameworks";
				PRODUCT_BUNDLE_IDENTIFIER = CornerRadiusDemo.CornerRadiusDemo;
				PRODUCT_NAME = "$(TARGET_NAME)";
				TARGETED_DEVICE_FAMILY = "1,2";
			};
			name = Debug;
		};
		5F09255221A2B72D000E551A /* Release */ = {
			isa = XCBuildConfiguration;
			baseConfigurationReference = 098ED48512947C3007140121 /* Pods-CornerRadiusDemo.release.xcconfig */;
			buildSettings = {
				ASSETCATALOG_COMPILER_APPICON_NAME = AppIcon;
				CODE_SIGN_STYLE = Automatic;
				INFOPLIST_FILE = CornerRadiusDemo/Info.plist;
				IPHONEOS_DEPLOYMENT_TARGET = 10.0;
				LD_RUNPATH_SEARCH_PATHS = "$(inherited) @executable_path/Frameworks";
				PRODUCT_BUNDLE_IDENTIFIER = CornerRadiusDemo.CornerRadiusDemo;
				PRODUCT_NAME = "$(TARGET_NAME)";
				TARGETED_DEVICE_FAMILY = "1,2";
			};
			name = Release;
		};
/* End XCBuildConfiguration section */

/* Begin XCConfigurationList section */
		5F09253521A2B72B000E551A /* Build configuration list for PBXProject "CornerRadiusDemo" */ = {
			isa = XCConfigurationList;
			buildConfigurations = (
				5F09254E21A2B72D000E551A /* Debug */,
				5F09254F21A2B72D000E551A /* Release */,
			);
			defaultConfigurationIsVisible = 0;
			defaultConfigurationName = Release;
		};
		5F09255021A2B72D000E551A /* Build configuration list for PBXNativeTarget "CornerRadiusDemo" */ = {
			isa = XCConfigurationList;
			buildConfigurations = (
				5F09255121A2B72D000E551A /* Debug */,
				5F09255221A2B72D000E551A /* Release */,
			);
			defaultConfigurationIsVisible = 0;
			defaultConfigurationName = Release;
		};
/* End XCConfigurationList section */
	};
	rootObject = 5F09253221A2B72B000E551A /* Project object */;
}
